// !$*UTF8*$!
{
	archiveVersion = 1;
	classes = {
	};
	objectVersion = 70;
	objects = {

/* Begin PBXBuildFile section */
		D70443692C31EBFB008F1645 /* Condition.swift in Sources */ = {isa = PBXBuildFile; fileRef = D70443682C31EBFB008F1645 /* Condition.swift */; };
		D704436C2C31F78F008F1645 /* Protocols.swift in Sources */ = {isa = PBXBuildFile; fileRef = D704436B2C31F78F008F1645 /* Protocols.swift */; };
		D76BBD962C3582F800623A37 /* MapScreen.swift in Sources */ = {isa = PBXBuildFile; fileRef = D76BBD952C3582F800623A37 /* MapScreen.swift */; };
		D777B2502C035073008140E9 /* AppDelegate.swift in Sources */ = {isa = PBXBuildFile; fileRef = D777B24F2C035073008140E9 /* AppDelegate.swift */; };
		D777B2522C035073008140E9 /* SceneDelegate.swift in Sources */ = {isa = PBXBuildFile; fileRef = D777B2512C035073008140E9 /* SceneDelegate.swift */; };
		D777B2542C035073008140E9 /* ViewController.swift in Sources */ = {isa = PBXBuildFile; fileRef = D777B2532C035073008140E9 /* ViewController.swift */; };
		D777B2572C035073008140E9 /* Base in Resources */ = {isa = PBXBuildFile; fileRef = D777B2562C035073008140E9 /* Base */; };
		D777B2592C035074008140E9 /* Assets.xcassets in Resources */ = {isa = PBXBuildFile; fileRef = D777B2582C035074008140E9 /* Assets.xcassets */; };
		D777B25C2C035074008140E9 /* Base in Resources */ = {isa = PBXBuildFile; fileRef = D777B25B2C035074008140E9 /* Base */; };
		D777B26A2C037446008140E9 /* allCityScreen.swift in Sources */ = {isa = PBXBuildFile; fileRef = D777B2692C037445008140E9 /* allCityScreen.swift */; };
		D798D1DD2C371620001A70D4 /* PhotosView.swift in Sources */ = {isa = PBXBuildFile; fileRef = D798D1DC2C371620001A70D4 /* PhotosView.swift */; };
		D798D1E02C371A8D001A70D4 /* PhotosCell.swift in Sources */ = {isa = PBXBuildFile; fileRef = D798D1DF2C371A8D001A70D4 /* PhotosCell.swift */; };
		D7A951B42C039AA400D04FC4 /* mainMenuButtonClass.swift in Sources */ = {isa = PBXBuildFile; fileRef = D7A951B32C039AA400D04FC4 /* mainMenuButtonClass.swift */; };
		D7ABE26F2C0B7F8900D94E1F /* cityClass.swift in Sources */ = {isa = PBXBuildFile; fileRef = D7ABE26E2C0B7F8900D94E1F /* cityClass.swift */; };
		D7B111FF2C05396B000DEC67 /* PageControllerTemplate.swift in Sources */ = {isa = PBXBuildFile; fileRef = D7B111FE2C05396B000DEC67 /* PageControllerTemplate.swift */; };
		D7B747C82C31D98400981238 /* weatherStruct.swift in Sources */ = {isa = PBXBuildFile; fileRef = D7B747C72C31D98400981238 /* weatherStruct.swift */; };
		D7B747CA2C31D9C100981238 /* Location.swift in Sources */ = {isa = PBXBuildFile; fileRef = D7B747C92C31D9C100981238 /* Location.swift */; };
		D7B747CC2C31DA5C00981238 /* Temperature.swift in Sources */ = {isa = PBXBuildFile; fileRef = D7B747CB2C31DA5C00981238 /* Temperature.swift */; };
		D7D2F1592C20F55200D9D4C4 /* mainCityScreen.swift in Sources */ = {isa = PBXBuildFile; fileRef = D7D2F1582C20F55200D9D4C4 /* mainCityScreen.swift */; };
		D7D2F15C2C20F6C300D9D4C4 /* weatherScreen.swift in Sources */ = {isa = PBXBuildFile; fileRef = D7D2F15B2C20F6C300D9D4C4 /* weatherScreen.swift */; };
		D7D30CE02C07EC6700A71B84 /* RubikMonoOne-Regular.ttf in Resources */ = {isa = PBXBuildFile; fileRef = D7D30CDF2C07EC6700A71B84 /* RubikMonoOne-Regular.ttf */; };
/* End PBXBuildFile section */

/* Begin PBXFileReference section */
		D70443682C31EBFB008F1645 /* Condition.swift */ = {isa = PBXFileReference; lastKnownFileType = sourcecode.swift; path = Condition.swift; sourceTree = "<group>"; };
		D704436B2C31F78F008F1645 /* Protocols.swift */ = {isa = PBXFileReference; lastKnownFileType = sourcecode.swift; path = Protocols.swift; sourceTree = "<group>"; };
		D76BBD952C3582F800623A37 /* MapScreen.swift */ = {isa = PBXFileReference; lastKnownFileType = sourcecode.swift; path = MapScreen.swift; sourceTree = "<group>"; };
		D777B24C2C035073008140E9 /* russianCityGuide.app */ = {isa = PBXFileReference; explicitFileType = wrapper.application; includeInIndex = 0; path = russianCityGuide.app; sourceTree = BUILT_PRODUCTS_DIR; };
		D777B24F2C035073008140E9 /* AppDelegate.swift */ = {isa = PBXFileReference; lastKnownFileType = sourcecode.swift; path = AppDelegate.swift; sourceTree = "<group>"; };
		D777B2512C035073008140E9 /* SceneDelegate.swift */ = {isa = PBXFileReference; lastKnownFileType = sourcecode.swift; path = SceneDelegate.swift; sourceTree = "<group>"; };
		D777B2532C035073008140E9 /* ViewController.swift */ = {isa = PBXFileReference; lastKnownFileType = sourcecode.swift; path = ViewController.swift; sourceTree = "<group>"; };
		D777B2562C035073008140E9 /* Base */ = {isa = PBXFileReference; lastKnownFileType = file.storyboard; name = Base; path = Base.lproj/Main.storyboard; sourceTree = "<group>"; };
		D777B2582C035074008140E9 /* Assets.xcassets */ = {isa = PBXFileReference; lastKnownFileType = folder.assetcatalog; path = Assets.xcassets; sourceTree = "<group>"; };
		D777B25B2C035074008140E9 /* Base */ = {isa = PBXFileReference; lastKnownFileType = file.storyboard; name = Base; path = Base.lproj/LaunchScreen.storyboard; sourceTree = "<group>"; };
		D777B25D2C035074008140E9 /* Info.plist */ = {isa = PBXFileReference; lastKnownFileType = text.plist.xml; path = Info.plist; sourceTree = "<group>"; };
		D777B2692C037445008140E9 /* allCityScreen.swift */ = {isa = PBXFileReference; lastKnownFileType = sourcecode.swift; path = allCityScreen.swift; sourceTree = "<group>"; };
		D798D1DC2C371620001A70D4 /* PhotosView.swift */ = {isa = PBXFileReference; lastKnownFileType = sourcecode.swift; path = PhotosView.swift; sourceTree = "<group>"; };
		D798D1DF2C371A8D001A70D4 /* PhotosCell.swift */ = {isa = PBXFileReference; lastKnownFileType = sourcecode.swift; path = PhotosCell.swift; sourceTree = "<group>"; };
		D7A951B32C039AA400D04FC4 /* mainMenuButtonClass.swift */ = {isa = PBXFileReference; lastKnownFileType = sourcecode.swift; path = mainMenuButtonClass.swift; sourceTree = "<group>"; };
		D7ABE26E2C0B7F8900D94E1F /* cityClass.swift */ = {isa = PBXFileReference; lastKnownFileType = sourcecode.swift; path = cityClass.swift; sourceTree = "<group>"; };
		D7B111FE2C05396B000DEC67 /* PageControllerTemplate.swift */ = {isa = PBXFileReference; lastKnownFileType = sourcecode.swift; path = PageControllerTemplate.swift; sourceTree = "<group>"; };
		D7B747C72C31D98400981238 /* weatherStruct.swift */ = {isa = PBXFileReference; lastKnownFileType = sourcecode.swift; path = weatherStruct.swift; sourceTree = "<group>"; };
		D7B747C92C31D9C100981238 /* Location.swift */ = {isa = PBXFileReference; lastKnownFileType = sourcecode.swift; path = Location.swift; sourceTree = "<group>"; };
		D7B747CB2C31DA5C00981238 /* Temperature.swift */ = {isa = PBXFileReference; lastKnownFileType = sourcecode.swift; path = Temperature.swift; sourceTree = "<group>"; };
		D7D2F1582C20F55200D9D4C4 /* mainCityScreen.swift */ = {isa = PBXFileReference; lastKnownFileType = sourcecode.swift; path = mainCityScreen.swift; sourceTree = "<group>"; };
		D7D2F15B2C20F6C300D9D4C4 /* weatherScreen.swift */ = {isa = PBXFileReference; lastKnownFileType = sourcecode.swift; path = weatherScreen.swift; sourceTree = "<group>"; };
		D7D30CDF2C07EC6700A71B84 /* RubikMonoOne-Regular.ttf */ = {isa = PBXFileReference; lastKnownFileType = file; path = "RubikMonoOne-Regular.ttf"; sourceTree = "<group>"; };
/* End PBXFileReference section */

/* Begin PBXFileSystemSynchronizedRootGroup section */
		D73BEA052CA2D33B00B1D6FE /* DataBase */ = {isa = PBXFileSystemSynchronizedRootGroup; explicitFileTypes = {}; explicitFolders = (); path = DataBase; sourceTree = "<group>"; };
/* End PBXFileSystemSynchronizedRootGroup section */

/* Begin PBXFrameworksBuildPhase section */
		D777B2492C035073008140E9 /* Frameworks */ = {
			isa = PBXFrameworksBuildPhase;
			buildActionMask = 2147483647;
			files = (
			);
			runOnlyForDeploymentPostprocessing = 0;
		};
/* End PBXFrameworksBuildPhase section */

/* Begin PBXGroup section */
		D777B2432C035073008140E9 = {
			isa = PBXGroup;
			children = (
				D777B24E2C035073008140E9 /* russianCityGuide */,
				D777B24D2C035073008140E9 /* Products */,
			);
			sourceTree = "<group>";
		};
		D777B24D2C035073008140E9 /* Products */ = {
			isa = PBXGroup;
			children = (
				D777B24C2C035073008140E9 /* russianCityGuide.app */,
			);
			name = Products;
			sourceTree = "<group>";
		};
		D777B24E2C035073008140E9 /* russianCityGuide */ = {
			isa = PBXGroup;
			children = (
				D73BEA052CA2D33B00B1D6FE /* DataBase */,
				D7D30CE22C07ECC000A71B84 /* Font */,
				D7A951B52C039AAB00D04FC4 /* Classes */,
				D777B26D2C03745D008140E9 /* ViewControllers */,
				D777B24F2C035073008140E9 /* AppDelegate.swift */,
				D777B2512C035073008140E9 /* SceneDelegate.swift */,
				D777B2552C035073008140E9 /* Main.storyboard */,
				D777B2582C035074008140E9 /* Assets.xcassets */,
				D777B25A2C035074008140E9 /* LaunchScreen.storyboard */,
				D777B25D2C035074008140E9 /* Info.plist */,
			);
			path = russianCityGuide;
			sourceTree = "<group>";
		};
		D777B26D2C03745D008140E9 /* ViewControllers */ = {
			isa = PBXGroup;
			children = (
				D777B2532C035073008140E9 /* ViewController.swift */,
				D777B2692C037445008140E9 /* allCityScreen.swift */,
				D7B111FE2C05396B000DEC67 /* PageControllerTemplate.swift */,
				D7D2F1582C20F55200D9D4C4 /* mainCityScreen.swift */,
				D7D2F15B2C20F6C300D9D4C4 /* weatherScreen.swift */,
				D76BBD952C3582F800623A37 /* MapScreen.swift */,
				D798D1DC2C371620001A70D4 /* PhotosView.swift */,
			);
			path = ViewControllers;
			sourceTree = "<group>";
		};
		D7A951B52C039AAB00D04FC4 /* Classes */ = {
			isa = PBXGroup;
			children = (
				D704436B2C31F78F008F1645 /* Protocols.swift */,
				D7ABE26E2C0B7F8900D94E1F /* cityClass.swift */,
				D7A951B32C039AA400D04FC4 /* mainMenuButtonClass.swift */,
				D7B747C72C31D98400981238 /* weatherStruct.swift */,
				D7B747C92C31D9C100981238 /* Location.swift */,
				D7B747CB2C31DA5C00981238 /* Temperature.swift */,
				D70443682C31EBFB008F1645 /* Condition.swift */,
				D798D1DF2C371A8D001A70D4 /* PhotosCell.swift */,
			);
			path = Classes;
			sourceTree = "<group>";
		};
		D7D30CE22C07ECC000A71B84 /* Font */ = {
			isa = PBXGroup;
			children = (
				D7D30CDF2C07EC6700A71B84 /* RubikMonoOne-Regular.ttf */,
			);
			path = Font;
			sourceTree = "<group>";
		};
/* End PBXGroup section */

/* Begin PBXNativeTarget section */
		D777B24B2C035073008140E9 /* russianCityGuide */ = {
			isa = PBXNativeTarget;
			buildConfigurationList = D777B2602C035074008140E9 /* Build configuration list for PBXNativeTarget "russianCityGuide" */;
			buildPhases = (
				D777B2482C035073008140E9 /* Sources */,
				D777B2492C035073008140E9 /* Frameworks */,
				D777B24A2C035073008140E9 /* Resources */,
			);
			buildRules = (
			);
			dependencies = (
			);
			fileSystemSynchronizedGroups = (
				D73BEA052CA2D33B00B1D6FE /* DataBase */,
			);
			name = russianCityGuide;
			packageProductDependencies = (
			);
			productName = russianCityGuide;
			productReference = D777B24C2C035073008140E9 /* russianCityGuide.app */;
			productType = "com.apple.product-type.application";
		};
/* End PBXNativeTarget section */

/* Begin PBXProject section */
		D777B2442C035073008140E9 /* Project object */ = {
			isa = PBXProject;
			attributes = {
				BuildIndependentTargetsInParallel = 1;
				LastSwiftUpdateCheck = 1540;
				LastUpgradeCheck = 1540;
				TargetAttributes = {
					D777B24B2C035073008140E9 = {
						CreatedOnToolsVersion = 15.4;
					};
				};
			};
			buildConfigurationList = D777B2472C035073008140E9 /* Build configuration list for PBXProject "russianCityGuide" */;
			compatibilityVersion = "Xcode 14.0";
			developmentRegion = en;
			hasScannedForEncodings = 0;
			knownRegions = (
				en,
				Base,
			);
			mainGroup = D777B2432C035073008140E9;
			packageReferences = (
			);
			productRefGroup = D777B24D2C035073008140E9 /* Products */;
			projectDirPath = "";
			projectRoot = "";
			targets = (
				D777B24B2C035073008140E9 /* russianCityGuide */,
			);
		};
/* End PBXProject section */

/* Begin PBXResourcesBuildPhase section */
		D777B24A2C035073008140E9 /* Resources */ = {
			isa = PBXResourcesBuildPhase;
			buildActionMask = 2147483647;
			files = (
				D777B2592C035074008140E9 /* Assets.xcassets in Resources */,
				D777B25C2C035074008140E9 /* Base in Resources */,
				D777B2572C035073008140E9 /* Base in Resources */,
				D7D30CE02C07EC6700A71B84 /* RubikMonoOne-Regular.ttf in Resources */,
			);
			runOnlyForDeploymentPostprocessing = 0;
		};
/* End PBXResourcesBuildPhase section */

/* Begin PBXSourcesBuildPhase section */
		D777B2482C035073008140E9 /* Sources */ = {
			isa = PBXSourcesBuildPhase;
			buildActionMask = 2147483647;
			files = (
				D7ABE26F2C0B7F8900D94E1F /* cityClass.swift in Sources */,
				D7B747CA2C31D9C100981238 /* Location.swift in Sources */,
				D7B747CC2C31DA5C00981238 /* Temperature.swift in Sources */,
				D798D1DD2C371620001A70D4 /* PhotosView.swift in Sources */,
				D777B26A2C037446008140E9 /* allCityScreen.swift in Sources */,
				D7A951B42C039AA400D04FC4 /* mainMenuButtonClass.swift in Sources */,
				D777B2542C035073008140E9 /* ViewController.swift in Sources */,
				D7D2F15C2C20F6C300D9D4C4 /* weatherScreen.swift in Sources */,
				D798D1E02C371A8D001A70D4 /* PhotosCell.swift in Sources */,
				D777B2502C035073008140E9 /* AppDelegate.swift in Sources */,
				D7D2F1592C20F55200D9D4C4 /* mainCityScreen.swift in Sources */,
				D76BBD962C3582F800623A37 /* MapScreen.swift in Sources */,
				D704436C2C31F78F008F1645 /* Protocols.swift in Sources */,
				D70443692C31EBFB008F1645 /* Condition.swift in Sources */,
				D7B111FF2C05396B000DEC67 /* PageControllerTemplate.swift in Sources */,
				D777B2522C035073008140E9 /* SceneDelegate.swift in Sources */,
				D7B747C82C31D98400981238 /* weatherStruct.swift in Sources */,
			);
			runOnlyForDeploymentPostprocessing = 0;
		};
/* End PBXSourcesBuildPhase section */

/* Begin PBXVariantGroup section */
		D777B2552C035073008140E9 /* Main.storyboard */ = {
			isa = PBXVariantGroup;
			children = (
				D777B2562C035073008140E9 /* Base */,
			);
			name = Main.storyboard;
			sourceTree = "<group>";
		};
		D777B25A2C035074008140E9 /* LaunchScreen.storyboard */ = {
			isa = PBXVariantGroup;
			children = (
				D777B25B2C035074008140E9 /* Base */,
			);
			name = LaunchScreen.storyboard;
			sourceTree = "<group>";
		};
/* End PBXVariantGroup section */

/* Begin XCBuildConfiguration section */
		D777B25E2C035074008140E9 /* Debug */ = {
			isa = XCBuildConfiguration;
			buildSettings = {
				ALWAYS_SEARCH_USER_PATHS = NO;
				ASSETCATALOG_COMPILER_GENERATE_SWIFT_ASSET_SYMBOL_EXTENSIONS = YES;
				CLANG_ANALYZER_NONNULL = YES;
				CLANG_ANALYZER_NUMBER_OBJECT_CONVERSION = YES_AGGRESSIVE;
				CLANG_CXX_LANGUAGE_STANDARD = "gnu++20";
				CLANG_ENABLE_MODULES = YES;
				CLANG_ENABLE_OBJC_ARC = YES;
				CLANG_ENABLE_OBJC_WEAK = YES;
				CLANG_WARN_BLOCK_CAPTURE_AUTORELEASING = YES;
				CLANG_WARN_BOOL_CONVERSION = YES;
				CLANG_WARN_COMMA = YES;
				CLANG_WARN_CONSTANT_CONVERSION = YES;
				CLANG_WARN_DEPRECATED_OBJC_IMPLEMENTATIONS = YES;
				CLANG_WARN_DIRECT_OBJC_ISA_USAGE = YES_ERROR;
				CLANG_WARN_DOCUMENTATION_COMMENTS = YES;
				CLANG_WARN_EMPTY_BODY = YES;
				CLANG_WARN_ENUM_CONVERSION = YES;
				CLANG_WARN_INFINITE_RECURSION = YES;
				CLANG_WARN_INT_CONVERSION = YES;
				CLANG_WARN_NON_LITERAL_NULL_CONVERSION = YES;
				CLANG_WARN_OBJC_IMPLICIT_RETAIN_SELF = YES;
				CLANG_WARN_OBJC_LITERAL_CONVERSION = YES;
				CLANG_WARN_OBJC_ROOT_CLASS = YES_ERROR;
				CLANG_WARN_QUOTED_INCLUDE_IN_FRAMEWORK_HEADER = YES;
				CLANG_WARN_RANGE_LOOP_ANALYSIS = YES;
				CLANG_WARN_STRICT_PROTOTYPES = YES;
				CLANG_WARN_SUSPICIOUS_MOVE = YES;
				CLANG_WARN_UNGUARDED_AVAILABILITY = YES_AGGRESSIVE;
				CLANG_WARN_UNREACHABLE_CODE = YES;
				CLANG_WARN__DUPLICATE_METHOD_MATCH = YES;
				COPY_PHASE_STRIP = NO;
				DEBUG_INFORMATION_FORMAT = dwarf;
				ENABLE_STRICT_OBJC_MSGSEND = YES;
				ENABLE_TESTABILITY = YES;
				ENABLE_USER_SCRIPT_SANDBOXING = YES;
				GCC_C_LANGUAGE_STANDARD = gnu17;
				GCC_DYNAMIC_NO_PIC = NO;
				GCC_NO_COMMON_BLOCKS = YES;
				GCC_OPTIMIZATION_LEVEL = 0;
				GCC_PREPROCESSOR_DEFINITIONS = (
					"DEBUG=1",
					"$(inherited)",
				);
				GCC_WARN_64_TO_32_BIT_CONVERSION = YES;
				GCC_WARN_ABOUT_RETURN_TYPE = YES_ERROR;
				GCC_WARN_UNDECLARED_SELECTOR = YES;
				GCC_WARN_UNINITIALIZED_AUTOS = YES_AGGRESSIVE;
				GCC_WARN_UNUSED_FUNCTION = YES;
				GCC_WARN_UNUSED_VARIABLE = YES;
				IPHONEOS_DEPLOYMENT_TARGET = 17.5;
				LOCALIZATION_PREFERS_STRING_CATALOGS = YES;
				MTL_ENABLE_DEBUG_INFO = INCLUDE_SOURCE;
				MTL_FAST_MATH = YES;
				ONLY_ACTIVE_ARCH = YES;
				SDKROOT = iphoneos;
				SWIFT_ACTIVE_COMPILATION_CONDITIONS = "DEBUG $(inherited)";
				SWIFT_OPTIMIZATION_LEVEL = "-Onone";
			};
			name = Debug;
		};
		D777B25F2C035074008140E9 /* Release */ = {
			isa = XCBuildConfiguration;
			buildSettings = {
				ALWAYS_SEARCH_USER_PATHS = NO;
				ASSETCATALOG_COMPILER_GENERATE_SWIFT_ASSET_SYMBOL_EXTENSIONS = YES;
				CLANG_ANALYZER_NONNULL = YES;
				CLANG_ANALYZER_NUMBER_OBJECT_CONVERSION = YES_AGGRESSIVE;
				CLANG_CXX_LANGUAGE_STANDARD = "gnu++20";
				CLANG_ENABLE_MODULES = YES;
				CLANG_ENABLE_OBJC_ARC = YES;
				CLANG_ENABLE_OBJC_WEAK = YES;
				CLANG_WARN_BLOCK_CAPTURE_AUTORELEASING = YES;
				CLANG_WARN_BOOL_CONVERSION = YES;
				CLANG_WARN_COMMA = YES;
				CLANG_WARN_CONSTANT_CONVERSION = YES;
				CLANG_WARN_DEPRECATED_OBJC_IMPLEMENTATIONS = YES;
				CLANG_WARN_DIRECT_OBJC_ISA_USAGE = YES_ERROR;
				CLANG_WARN_DOCUMENTATION_COMMENTS = YES;
				CLANG_WARN_EMPTY_BODY = YES;
				CLANG_WARN_ENUM_CONVERSION = YES;
				CLANG_WARN_INFINITE_RECURSION = YES;
				CLANG_WARN_INT_CONVERSION = YES;
				CLANG_WARN_NON_LITERAL_NULL_CONVERSION = YES;
				CLANG_WARN_OBJC_IMPLICIT_RETAIN_SELF = YES;
				CLANG_WARN_OBJC_LITERAL_CONVERSION = YES;
				CLANG_WARN_OBJC_ROOT_CLASS = YES_ERROR;
				CLANG_WARN_QUOTED_INCLUDE_IN_FRAMEWORK_HEADER = YES;
				CLANG_WARN_RANGE_LOOP_ANALYSIS = YES;
				CLANG_WARN_STRICT_PROTOTYPES = YES;
				CLANG_WARN_SUSPICIOUS_MOVE = YES;
				CLANG_WARN_UNGUARDED_AVAILABILITY = YES_AGGRESSIVE;
				CLANG_WARN_UNREACHABLE_CODE = YES;
				CLANG_WARN__DUPLICATE_METHOD_MATCH = YES;
				COPY_PHASE_STRIP = NO;
				DEBUG_INFORMATION_FORMAT = "dwarf-with-dsym";
				ENABLE_NS_ASSERTIONS = NO;
				ENABLE_STRICT_OBJC_MSGSEND = YES;
				ENABLE_USER_SCRIPT_SANDBOXING = YES;
				GCC_C_LANGUAGE_STANDARD = gnu17;
				GCC_NO_COMMON_BLOCKS = YES;
				GCC_WARN_64_TO_32_BIT_CONVERSION = YES;
				GCC_WARN_ABOUT_RETURN_TYPE = YES_ERROR;
				GCC_WARN_UNDECLARED_SELECTOR = YES;
				GCC_WARN_UNINITIALIZED_AUTOS = YES_AGGRESSIVE;
				GCC_WARN_UNUSED_FUNCTION = YES;
				GCC_WARN_UNUSED_VARIABLE = YES;
				IPHONEOS_DEPLOYMENT_TARGET = 17.5;
				LOCALIZATION_PREFERS_STRING_CATALOGS = YES;
				MTL_ENABLE_DEBUG_INFO = NO;
				MTL_FAST_MATH = YES;
				SDKROOT = iphoneos;
				SWIFT_COMPILATION_MODE = wholemodule;
				VALIDATE_PRODUCT = YES;
			};
			name = Release;
		};
		D777B2612C035074008140E9 /* Debug */ = {
			isa = XCBuildConfiguration;
			buildSettings = {
				ASSETCATALOG_COMPILER_APPICON_NAME = AppIcon;
				ASSETCATALOG_COMPILER_GLOBAL_ACCENT_COLOR_NAME = AccentColor;
				CODE_SIGN_STYLE = Automatic;
				CURRENT_PROJECT_VERSION = 1;
				DEVELOPMENT_TEAM = 335R5CD3WK;
				GENERATE_INFOPLIST_FILE = YES;
				INFOPLIST_FILE = russianCityGuide/Info.plist;
				INFOPLIST_KEY_UIApplicationSupportsIndirectInputEvents = YES;
				INFOPLIST_KEY_UILaunchStoryboardName = LaunchScreen;
				INFOPLIST_KEY_UIMainStoryboardFile = Main;
				INFOPLIST_KEY_UISupportedInterfaceOrientations_iPad = "UIInterfaceOrientationPortrait UIInterfaceOrientationPortraitUpsideDown UIInterfaceOrientationLandscapeLeft UIInterfaceOrientationLandscapeRight";
				INFOPLIST_KEY_UISupportedInterfaceOrientations_iPhone = "UIInterfaceOrientationPortrait UIInterfaceOrientationLandscapeLeft UIInterfaceOrientationLandscapeRight";
				LD_RUNPATH_SEARCH_PATHS = (
					"$(inherited)",
					"@executable_path/Frameworks",
				);
				MARKETING_VERSION = 1.0;
				PRODUCT_BUNDLE_IDENTIFIER = "-23.russianCityGuide";
				PRODUCT_NAME = "$(TARGET_NAME)";
				SWIFT_EMIT_LOC_STRINGS = YES;
				SWIFT_VERSION = 5.0;
				TARGETED_DEVICE_FAMILY = "1,2";
			};
			name = Debug;
		};
		D777B2622C035074008140E9 /* Release */ = {
			isa = XCBuildConfiguration;
			buildSettings = {
				ASSETCATALOG_COMPILER_APPICON_NAME = AppIcon;
				ASSETCATALOG_COMPILER_GLOBAL_ACCENT_COLOR_NAME = AccentColor;
				CODE_SIGN_STYLE = Automatic;
				CURRENT_PROJECT_VERSION = 1;
				DEVELOPMENT_TEAM = 335R5CD3WK;
				GENERATE_INFOPLIST_FILE = YES;
				INFOPLIST_FILE = russianCityGuide/Info.plist;
				INFOPLIST_KEY_UIApplicationSupportsIndirectInputEvents = YES;
				INFOPLIST_KEY_UILaunchStoryboardName = LaunchScreen;
				INFOPLIST_KEY_UIMainStoryboardFile = Main;
				INFOPLIST_KEY_UISupportedInterfaceOrientations_iPad = "UIInterfaceOrientationPortrait UIInterfaceOrientationPortraitUpsideDown UIInterfaceOrientationLandscapeLeft UIInterfaceOrientationLandscapeRight";
				INFOPLIST_KEY_UISupportedInterfaceOrientations_iPhone = "UIInterfaceOrientationPortrait UIInterfaceOrientationLandscapeLeft UIInterfaceOrientationLandscapeRight";
				LD_RUNPATH_SEARCH_PATHS = (
					"$(inherited)",
					"@executable_path/Frameworks",
				);
				MARKETING_VERSION = 1.0;
				PRODUCT_BUNDLE_IDENTIFIER = "-23.russianCityGuide";
				PRODUCT_NAME = "$(TARGET_NAME)";
				SWIFT_EMIT_LOC_STRINGS = YES;
				SWIFT_VERSION = 5.0;
				TARGETED_DEVICE_FAMILY = "1,2";
			};
			name = Release;
		};
/* End XCBuildConfiguration section */

/* Begin XCConfigurationList section */
		D777B2472C035073008140E9 /* Build configuration list for PBXProject "russianCityGuide" */ = {
			isa = XCConfigurationList;
			buildConfigurations = (
				D777B25E2C035074008140E9 /* Debug */,
				D777B25F2C035074008140E9 /* Release */,
			);
			defaultConfigurationIsVisible = 0;
			defaultConfigurationName = Release;
		};
		D777B2602C035074008140E9 /* Build configuration list for PBXNativeTarget "russianCityGuide" */ = {
			isa = XCConfigurationList;
			buildConfigurations = (
				D777B2612C035074008140E9 /* Debug */,
				D777B2622C035074008140E9 /* Release */,
			);
			defaultConfigurationIsVisible = 0;
			defaultConfigurationName = Release;
		};
/* End XCConfigurationList section */
	};
	rootObject = D777B2442C035073008140E9 /* Project object */;
}
